
Microsoft Visual Studio Solution File, Format Version 12.00
# Visual Studio 14
VisualStudioVersion = 14.0.25420.1
MinimumVisualStudioVersion = 10.0.40219.1
Project("{2150E333-8FDC-42A3-9474-1A3956D46DE8}") = "Models", "Models", "{A4706091-7D32-4BFF-807A-8BED155695B3}"
EndProject
Project("{2150E333-8FDC-42A3-9474-1A3956D46DE8}") = "Contracts", "Contracts", "{5E4A6A12-648F-41E6-BC80-26C4364B9AEF}"
EndProject
Project("{2150E333-8FDC-42A3-9474-1A3956D46DE8}") = "Repositories", "Repositories", "{BDB55F0D-0263-43A3-AE5B-D1D738B8F65B}"
EndProject
Project("{2150E333-8FDC-42A3-9474-1A3956D46DE8}") = "PLCModules", "PLCModules", "{0C91B036-000E-4F67-90B8-D806C71EA36A}"
EndProject
Project("{2150E333-8FDC-42A3-9474-1A3956D46DE8}") = "CMMModules", "CMMModules", "{83092FF6-B32B-433A-93B8-DE5BAE6A10E0}"
EndProject
Project("{2150E333-8FDC-42A3-9474-1A3956D46DE8}") = "LogicUnit", "LogicUnit", "{CE8D3E7A-DBFC-45D9-99FD-6F4BA493127B}"
EndProject
Project("{2150E333-8FDC-42A3-9474-1A3956D46DE8}") = "Main", "Main", "{14CA1387-AB0C-4431-B7D0-4D5EFCFA4F69}"
EndProject
Project("{2150E333-8FDC-42A3-9474-1A3956D46DE8}") = "TestUnits", "TestUnits", "{229DC925-CE91-4E03-BF75-C1355C45953A}"
EndProject
Project("{2150E333-8FDC-42A3-9474-1A3956D46DE8}") = "Utilities", "Utilities", "{2D23AB1C-2B97-4791-AA5A-9A16A092445D}"
EndProject
Project("{FAE04EC0-301F-11D3-BF4B-00C04F79EFBC}") = "LogicConsoleApp", "TestProjects\LogicConsoleApp\LogicConsoleApp.csproj", "{7785F36A-074F-41FA-B4E8-01CDC9013A96}"
EndProject
Project("{FAE04EC0-301F-11D3-BF4B-00C04F79EFBC}") = "PLCServices", "PLCModules\PLCServices\PLCServices.csproj", "{258C3A08-DDAA-4A76-A88B-D1CF2966401C}"
EndProject
Project("{FAE04EC0-301F-11D3-BF4B-00C04F79EFBC}") = "Models", "Models\Models\Models.csproj", "{5082865E-4D57-4080-84A3-19B5134E7416}"
EndProject
Project("{FAE04EC0-301F-11D3-BF4B-00C04F79EFBC}") = "Utilities", "Utilities\Utilities\Utilities.csproj", "{2F3106C7-9975-488D-844E-39A00FE7714E}"
EndProject
Project("{FAE04EC0-301F-11D3-BF4B-00C04F79EFBC}") = "UtilitiesTest", "TestProjects\UtilitiesTest\UtilitiesTest.csproj", "{7B544E4C-AE99-4193-AEB1-925266CAC757}"
EndProject
Project("{FAE04EC0-301F-11D3-BF4B-00C04F79EFBC}") = "PLCServicesTests", "PLCModules\PLCServicesTests\PLCServicesTests.csproj", "{F019150D-11C6-46F3-89A2-1CEBD1C6B9FA}"
EndProject
Project("{FAE04EC0-301F-11D3-BF4B-00C04F79EFBC}") = "TestFormat", "TestProjects\TestFormat\TestFormat.csproj", "{0768091A-4A2A-4E24-AFE5-A4042061948D}"
EndProject
Project("{FAE04EC0-301F-11D3-BF4B-00C04F79EFBC}") = "AutoMapTest", "TestProjects\AutoMapTest\AutoMapTest.csproj", "{0EC807F2-9098-4BF1-A58E-E59D4253D2CE}"
EndProject
Project("{FAE04EC0-301F-11D3-BF4B-00C04F79EFBC}") = "Configurations", "Utilities\Configurations\Configurations.csproj", "{FE7C3140-3A4D-4251-8F0F-2B145D18070F}"
EndProject
Project("{FAE04EC0-301F-11D3-BF4B-00C04F79EFBC}") = "MainApp", "MainApp\MainApp.csproj", "{037FFAD0-995E-4442-8594-09E9686ACDFD}"
EndProject
Project("{FAE04EC0-301F-11D3-BF4B-00C04F79EFBC}") = "WpfListUI", "TestProjects\WpfListUI\WpfListUI.csproj", "{003B17E2-F1A2-491F-8136-8718F3CB2329}"
EndProject
Project("{FAE04EC0-301F-11D3-BF4B-00C04F79EFBC}") = "TreeViewTest", "..\..\..\..\VSProjects\UISimulator\TreeViewTest\TreeViewTest.csproj", "{206C6BE9-CBAC-4AE9-8B2D-EB927D6CB3C3}"
EndProject
Project("{FAE04EC0-301F-11D3-BF4B-00C04F79EFBC}") = "LogicContracts", "Contracts\LogicContracts\LogicContracts.csproj", "{644C2CD8-834D-464D-AB47-D18A70B89F64}"
EndProject
Project("{FAE04EC0-301F-11D3-BF4B-00C04F79EFBC}") = "RepositoryContracts", "Contracts\RepositoryContracts\RepositoryContracts.csproj", "{CB0EC248-C463-45D5-A9AF-2EF2437216BD}"
EndProject
Project("{FAE04EC0-301F-11D3-BF4B-00C04F79EFBC}") = "LogicControls", "LogicUnits\LogicControls\LogicControls.csproj", "{F3126C8F-8C60-40F2-9B74-5B4D5EDC2D8C}"
EndProject
Project("{FAE04EC0-301F-11D3-BF4B-00C04F79EFBC}") = "LogicActivities", "LogicUnits\LogicActivities\LogicActivities.csproj", "{FE17D7F1-AE13-4908-AB07-2D96E05F18F9}"
EndProject
Project("{FAE04EC0-301F-11D3-BF4B-00C04F79EFBC}") = "PLCInteraction", "PLCModules\PLCInteraction\PLCInteraction.csproj", "{A3CC0CBC-6FF4-4AAB-B0D5-C464B8E457F9}"
EndProject
Project("{FAE04EC0-301F-11D3-BF4B-00C04F79EFBC}") = "WPFBindingTest", "TestProjects\WPFBindingTest\WPFBindingTest.csproj", "{8B5546C2-85A5-4401-854B-34476EB9E871}"
EndProject
Project("{FAE04EC0-301F-11D3-BF4B-00C04F79EFBC}") = "PCDmisServiceContracts", "CMMModules\PCDmisServiceContracts\PCDmisServiceContracts.csproj", "{5AFA68A3-DA6E-41ED-A662-AFE77AC9A9A8}"
EndProject
Project("{FAE04EC0-301F-11D3-BF4B-00C04F79EFBC}") = "CMMClients", "CMMClient\CMMClients.csproj", "{7CD681E8-7414-4A7B-B865-67EE4200B289}"
EndProject
Project("{FAE04EC0-301F-11D3-BF4B-00C04F79EFBC}") = "PCDmisService", "PCDmisService\PCDmisService.csproj", "{280B648D-EF14-43E7-8E02-38EA80C6B66B}"
EndProject
Project("{FAE04EC0-301F-11D3-BF4B-00C04F79EFBC}") = "PCDmisControl", "PCDmisImplement\PCDmisControl.csproj", "{A834A8C9-FF21-4F78-82F8-AD356BB28517}"
EndProject
Project("{FAE04EC0-301F-11D3-BF4B-00C04F79EFBC}") = "AsyncAwaitTest", "TestProjects\AsyncAwaitTest\AsyncAwaitTest.csproj", "{4BEF79BD-5ABD-49B7-8049-C7137042BB26}"
EndProject
Project("{FAE04EC0-301F-11D3-BF4B-00C04F79EFBC}") = "PcdmisServerTest", "PcdmisServerTest\PcdmisServerTest.csproj", "{5CF1E22B-4024-480F-9C02-505747D48270}"
EndProject
Project("{FAE04EC0-301F-11D3-BF4B-00C04F79EFBC}") = "PcdmisServiceClientTest", "TestProjects\PcdmisServiceClientTest\PcdmisServiceClientTest.csproj", "{F62B6182-C63A-4615-8768-7A401BABC793}"
EndProject
Global
	GlobalSection(SolutionConfigurationPlatforms) = preSolution
		Debug|Any CPU = Debug|Any CPU
		Debug|x86 = Debug|x86
		Release|Any CPU = Release|Any CPU
		Release|x86 = Release|x86
	EndGlobalSection
	GlobalSection(ProjectConfigurationPlatforms) = postSolution
		{7785F36A-074F-41FA-B4E8-01CDC9013A96}.Debug|Any CPU.ActiveCfg = Debug|Any CPU
		{7785F36A-074F-41FA-B4E8-01CDC9013A96}.Debug|Any CPU.Build.0 = Debug|Any CPU
		{7785F36A-074F-41FA-B4E8-01CDC9013A96}.Debug|x86.ActiveCfg = Debug|Any CPU
		{7785F36A-074F-41FA-B4E8-01CDC9013A96}.Debug|x86.Build.0 = Debug|Any CPU
		{7785F36A-074F-41FA-B4E8-01CDC9013A96}.Release|Any CPU.ActiveCfg = Release|Any CPU
		{7785F36A-074F-41FA-B4E8-01CDC9013A96}.Release|Any CPU.Build.0 = Release|Any CPU
		{7785F36A-074F-41FA-B4E8-01CDC9013A96}.Release|x86.ActiveCfg = Release|Any CPU
		{7785F36A-074F-41FA-B4E8-01CDC9013A96}.Release|x86.Build.0 = Release|Any CPU
		{258C3A08-DDAA-4A76-A88B-D1CF2966401C}.Debug|Any CPU.ActiveCfg = Debug|Any CPU
		{258C3A08-DDAA-4A76-A88B-D1CF2966401C}.Debug|Any CPU.Build.0 = Debug|Any CPU
		{258C3A08-DDAA-4A76-A88B-D1CF2966401C}.Debug|x86.ActiveCfg = Debug|Any CPU
		{258C3A08-DDAA-4A76-A88B-D1CF2966401C}.Debug|x86.Build.0 = Debug|Any CPU
		{258C3A08-DDAA-4A76-A88B-D1CF2966401C}.Release|Any CPU.ActiveCfg = Release|Any CPU
		{258C3A08-DDAA-4A76-A88B-D1CF2966401C}.Release|Any CPU.Build.0 = Release|Any CPU
		{258C3A08-DDAA-4A76-A88B-D1CF2966401C}.Release|x86.ActiveCfg = Release|Any CPU
		{258C3A08-DDAA-4A76-A88B-D1CF2966401C}.Release|x86.Build.0 = Release|Any CPU
		{5082865E-4D57-4080-84A3-19B5134E7416}.Debug|Any CPU.ActiveCfg = Debug|Any CPU
		{5082865E-4D57-4080-84A3-19B5134E7416}.Debug|Any CPU.Build.0 = Debug|Any CPU
		{5082865E-4D57-4080-84A3-19B5134E7416}.Debug|x86.ActiveCfg = Debug|Any CPU
		{5082865E-4D57-4080-84A3-19B5134E7416}.Debug|x86.Build.0 = Debug|Any CPU
		{5082865E-4D57-4080-84A3-19B5134E7416}.Release|Any CPU.ActiveCfg = Release|Any CPU
		{5082865E-4D57-4080-84A3-19B5134E7416}.Release|Any CPU.Build.0 = Release|Any CPU
		{5082865E-4D57-4080-84A3-19B5134E7416}.Release|x86.ActiveCfg = Release|Any CPU
		{5082865E-4D57-4080-84A3-19B5134E7416}.Release|x86.Build.0 = Release|Any CPU
		{2F3106C7-9975-488D-844E-39A00FE7714E}.Debug|Any CPU.ActiveCfg = Debug|Any CPU
		{2F3106C7-9975-488D-844E-39A00FE7714E}.Debug|Any CPU.Build.0 = Debug|Any CPU
		{2F3106C7-9975-488D-844E-39A00FE7714E}.Debug|x86.ActiveCfg = Debug|Any CPU
		{2F3106C7-9975-488D-844E-39A00FE7714E}.Debug|x86.Build.0 = Debug|Any CPU
		{2F3106C7-9975-488D-844E-39A00FE7714E}.Release|Any CPU.ActiveCfg = Release|Any CPU
		{2F3106C7-9975-488D-844E-39A00FE7714E}.Release|Any CPU.Build.0 = Release|Any CPU
		{2F3106C7-9975-488D-844E-39A00FE7714E}.Release|x86.ActiveCfg = Release|Any CPU
		{2F3106C7-9975-488D-844E-39A00FE7714E}.Release|x86.Build.0 = Release|Any CPU
		{7B544E4C-AE99-4193-AEB1-925266CAC757}.Debug|Any CPU.ActiveCfg = Debug|Any CPU
		{7B544E4C-AE99-4193-AEB1-925266CAC757}.Debug|Any CPU.Build.0 = Debug|Any CPU
		{7B544E4C-AE99-4193-AEB1-925266CAC757}.Debug|x86.ActiveCfg = Debug|Any CPU
		{7B544E4C-AE99-4193-AEB1-925266CAC757}.Debug|x86.Build.0 = Debug|Any CPU
		{7B544E4C-AE99-4193-AEB1-925266CAC757}.Release|Any CPU.ActiveCfg = Release|Any CPU
		{7B544E4C-AE99-4193-AEB1-925266CAC757}.Release|Any CPU.Build.0 = Release|Any CPU
		{7B544E4C-AE99-4193-AEB1-925266CAC757}.Release|x86.ActiveCfg = Release|Any CPU
		{7B544E4C-AE99-4193-AEB1-925266CAC757}.Release|x86.Build.0 = Release|Any CPU
		{F019150D-11C6-46F3-89A2-1CEBD1C6B9FA}.Debug|Any CPU.ActiveCfg = Debug|Any CPU
		{F019150D-11C6-46F3-89A2-1CEBD1C6B9FA}.Debug|Any CPU.Build.0 = Debug|Any CPU
		{F019150D-11C6-46F3-89A2-1CEBD1C6B9FA}.Debug|x86.ActiveCfg = Debug|Any CPU
		{F019150D-11C6-46F3-89A2-1CEBD1C6B9FA}.Debug|x86.Build.0 = Debug|Any CPU
		{F019150D-11C6-46F3-89A2-1CEBD1C6B9FA}.Release|Any CPU.ActiveCfg = Release|Any CPU
		{F019150D-11C6-46F3-89A2-1CEBD1C6B9FA}.Release|Any CPU.Build.0 = Release|Any CPU
		{F019150D-11C6-46F3-89A2-1CEBD1C6B9FA}.Release|x86.ActiveCfg = Release|Any CPU
		{F019150D-11C6-46F3-89A2-1CEBD1C6B9FA}.Release|x86.Build.0 = Release|Any CPU
		{0768091A-4A2A-4E24-AFE5-A4042061948D}.Debug|Any CPU.ActiveCfg = Debug|Any CPU
		{0768091A-4A2A-4E24-AFE5-A4042061948D}.Debug|Any CPU.Build.0 = Debug|Any CPU
		{0768091A-4A2A-4E24-AFE5-A4042061948D}.Debug|x86.ActiveCfg = Debug|Any CPU
		{0768091A-4A2A-4E24-AFE5-A4042061948D}.Debug|x86.Build.0 = Debug|Any CPU
		{0768091A-4A2A-4E24-AFE5-A4042061948D}.Release|Any CPU.ActiveCfg = Release|Any CPU
		{0768091A-4A2A-4E24-AFE5-A4042061948D}.Release|Any CPU.Build.0 = Release|Any CPU
		{0768091A-4A2A-4E24-AFE5-A4042061948D}.Release|x86.ActiveCfg = Release|Any CPU
		{0768091A-4A2A-4E24-AFE5-A4042061948D}.Release|x86.Build.0 = Release|Any CPU
		{0EC807F2-9098-4BF1-A58E-E59D4253D2CE}.Debug|Any CPU.ActiveCfg = Debug|Any CPU
		{0EC807F2-9098-4BF1-A58E-E59D4253D2CE}.Debug|Any CPU.Build.0 = Debug|Any CPU
		{0EC807F2-9098-4BF1-A58E-E59D4253D2CE}.Debug|x86.ActiveCfg = Debug|Any CPU
		{0EC807F2-9098-4BF1-A58E-E59D4253D2CE}.Debug|x86.Build.0 = Debug|Any CPU
		{0EC807F2-9098-4BF1-A58E-E59D4253D2CE}.Release|Any CPU.ActiveCfg = Release|Any CPU
		{0EC807F2-9098-4BF1-A58E-E59D4253D2CE}.Release|Any CPU.Build.0 = Release|Any CPU
		{0EC807F2-9098-4BF1-A58E-E59D4253D2CE}.Release|x86.ActiveCfg = Release|Any CPU
		{0EC807F2-9098-4BF1-A58E-E59D4253D2CE}.Release|x86.Build.0 = Release|Any CPU
		{FE7C3140-3A4D-4251-8F0F-2B145D18070F}.Debug|Any CPU.ActiveCfg = Debug|Any CPU
		{FE7C3140-3A4D-4251-8F0F-2B145D18070F}.Debug|Any CPU.Build.0 = Debug|Any CPU
		{FE7C3140-3A4D-4251-8F0F-2B145D18070F}.Debug|x86.ActiveCfg = Debug|Any CPU
		{FE7C3140-3A4D-4251-8F0F-2B145D18070F}.Debug|x86.Build.0 = Debug|Any CPU
		{FE7C3140-3A4D-4251-8F0F-2B145D18070F}.Release|Any CPU.ActiveCfg = Release|Any CPU
		{FE7C3140-3A4D-4251-8F0F-2B145D18070F}.Release|Any CPU.Build.0 = Release|Any CPU
		{FE7C3140-3A4D-4251-8F0F-2B145D18070F}.Release|x86.ActiveCfg = Release|Any CPU
		{FE7C3140-3A4D-4251-8F0F-2B145D18070F}.Release|x86.Build.0 = Release|Any CPU
		{037FFAD0-995E-4442-8594-09E9686ACDFD}.Debug|Any CPU.ActiveCfg = Debug|Any CPU
		{037FFAD0-995E-4442-8594-09E9686ACDFD}.Debug|Any CPU.Build.0 = Debug|Any CPU
		{037FFAD0-995E-4442-8594-09E9686ACDFD}.Debug|x86.ActiveCfg = Debug|Any CPU
		{037FFAD0-995E-4442-8594-09E9686ACDFD}.Debug|x86.Build.0 = Debug|Any CPU
		{037FFAD0-995E-4442-8594-09E9686ACDFD}.Release|Any CPU.ActiveCfg = Release|Any CPU
		{037FFAD0-995E-4442-8594-09E9686ACDFD}.Release|Any CPU.Build.0 = Release|Any CPU
		{037FFAD0-995E-4442-8594-09E9686ACDFD}.Release|x86.ActiveCfg = Release|Any CPU
		{037FFAD0-995E-4442-8594-09E9686ACDFD}.Release|x86.Build.0 = Release|Any CPU
		{003B17E2-F1A2-491F-8136-8718F3CB2329}.Debug|Any CPU.ActiveCfg = Debug|Any CPU
		{003B17E2-F1A2-491F-8136-8718F3CB2329}.Debug|Any CPU.Build.0 = Debug|Any CPU
		{003B17E2-F1A2-491F-8136-8718F3CB2329}.Debug|x86.ActiveCfg = Debug|Any CPU
		{003B17E2-F1A2-491F-8136-8718F3CB2329}.Debug|x86.Build.0 = Debug|Any CPU
		{003B17E2-F1A2-491F-8136-8718F3CB2329}.Release|Any CPU.ActiveCfg = Release|Any CPU
		{003B17E2-F1A2-491F-8136-8718F3CB2329}.Release|Any CPU.Build.0 = Release|Any CPU
		{003B17E2-F1A2-491F-8136-8718F3CB2329}.Release|x86.ActiveCfg = Release|Any CPU
		{003B17E2-F1A2-491F-8136-8718F3CB2329}.Release|x86.Build.0 = Release|Any CPU
		{206C6BE9-CBAC-4AE9-8B2D-EB927D6CB3C3}.Debug|Any CPU.ActiveCfg = Debug|Any CPU
		{206C6BE9-CBAC-4AE9-8B2D-EB927D6CB3C3}.Debug|Any CPU.Build.0 = Debug|Any CPU
		{206C6BE9-CBAC-4AE9-8B2D-EB927D6CB3C3}.Debug|x86.ActiveCfg = Debug|Any CPU
		{206C6BE9-CBAC-4AE9-8B2D-EB927D6CB3C3}.Debug|x86.Build.0 = Debug|Any CPU
		{206C6BE9-CBAC-4AE9-8B2D-EB927D6CB3C3}.Release|Any CPU.ActiveCfg = Release|Any CPU
		{206C6BE9-CBAC-4AE9-8B2D-EB927D6CB3C3}.Release|Any CPU.Build.0 = Release|Any CPU
		{206C6BE9-CBAC-4AE9-8B2D-EB927D6CB3C3}.Release|x86.ActiveCfg = Release|Any CPU
		{206C6BE9-CBAC-4AE9-8B2D-EB927D6CB3C3}.Release|x86.Build.0 = Release|Any CPU
		{644C2CD8-834D-464D-AB47-D18A70B89F64}.Debug|Any CPU.ActiveCfg = Debug|Any CPU
		{644C2CD8-834D-464D-AB47-D18A70B89F64}.Debug|Any CPU.Build.0 = Debug|Any CPU
		{644C2CD8-834D-464D-AB47-D18A70B89F64}.Debug|x86.ActiveCfg = Debug|Any CPU
		{644C2CD8-834D-464D-AB47-D18A70B89F64}.Debug|x86.Build.0 = Debug|Any CPU
		{644C2CD8-834D-464D-AB47-D18A70B89F64}.Release|Any CPU.ActiveCfg = Release|Any CPU
		{644C2CD8-834D-464D-AB47-D18A70B89F64}.Release|Any CPU.Build.0 = Release|Any CPU
		{644C2CD8-834D-464D-AB47-D18A70B89F64}.Release|x86.ActiveCfg = Release|Any CPU
		{644C2CD8-834D-464D-AB47-D18A70B89F64}.Release|x86.Build.0 = Release|Any CPU
		{CB0EC248-C463-45D5-A9AF-2EF2437216BD}.Debug|Any CPU.ActiveCfg = Debug|Any CPU
		{CB0EC248-C463-45D5-A9AF-2EF2437216BD}.Debug|Any CPU.Build.0 = Debug|Any CPU
		{CB0EC248-C463-45D5-A9AF-2EF2437216BD}.Debug|x86.ActiveCfg = Debug|Any CPU
		{CB0EC248-C463-45D5-A9AF-2EF2437216BD}.Debug|x86.Build.0 = Debug|Any CPU
		{CB0EC248-C463-45D5-A9AF-2EF2437216BD}.Release|Any CPU.ActiveCfg = Release|Any CPU
		{CB0EC248-C463-45D5-A9AF-2EF2437216BD}.Release|Any CPU.Build.0 = Release|Any CPU
		{CB0EC248-C463-45D5-A9AF-2EF2437216BD}.Release|x86.ActiveCfg = Release|Any CPU
		{CB0EC248-C463-45D5-A9AF-2EF2437216BD}.Release|x86.Build.0 = Release|Any CPU
		{F3126C8F-8C60-40F2-9B74-5B4D5EDC2D8C}.Debug|Any CPU.ActiveCfg = Debug|Any CPU
		{F3126C8F-8C60-40F2-9B74-5B4D5EDC2D8C}.Debug|Any CPU.Build.0 = Debug|Any CPU
		{F3126C8F-8C60-40F2-9B74-5B4D5EDC2D8C}.Debug|x86.ActiveCfg = Debug|Any CPU
		{F3126C8F-8C60-40F2-9B74-5B4D5EDC2D8C}.Debug|x86.Build.0 = Debug|Any CPU
		{F3126C8F-8C60-40F2-9B74-5B4D5EDC2D8C}.Release|Any CPU.ActiveCfg = Release|Any CPU
		{F3126C8F-8C60-40F2-9B74-5B4D5EDC2D8C}.Release|Any CPU.Build.0 = Release|Any CPU
		{F3126C8F-8C60-40F2-9B74-5B4D5EDC2D8C}.Release|x86.ActiveCfg = Release|Any CPU
		{F3126C8F-8C60-40F2-9B74-5B4D5EDC2D8C}.Release|x86.Build.0 = Release|Any CPU
		{FE17D7F1-AE13-4908-AB07-2D96E05F18F9}.Debug|Any CPU.ActiveCfg = Debug|Any CPU
		{FE17D7F1-AE13-4908-AB07-2D96E05F18F9}.Debug|Any CPU.Build.0 = Debug|Any CPU
		{FE17D7F1-AE13-4908-AB07-2D96E05F18F9}.Debug|x86.ActiveCfg = Debug|Any CPU
		{FE17D7F1-AE13-4908-AB07-2D96E05F18F9}.Debug|x86.Build.0 = Debug|Any CPU
		{FE17D7F1-AE13-4908-AB07-2D96E05F18F9}.Release|Any CPU.ActiveCfg = Release|Any CPU
		{FE17D7F1-AE13-4908-AB07-2D96E05F18F9}.Release|Any CPU.Build.0 = Release|Any CPU
		{FE17D7F1-AE13-4908-AB07-2D96E05F18F9}.Release|x86.ActiveCfg = Release|Any CPU
		{FE17D7F1-AE13-4908-AB07-2D96E05F18F9}.Release|x86.Build.0 = Release|Any CPU
		{A3CC0CBC-6FF4-4AAB-B0D5-C464B8E457F9}.Debug|Any CPU.ActiveCfg = Debug|Any CPU
		{A3CC0CBC-6FF4-4AAB-B0D5-C464B8E457F9}.Debug|Any CPU.Build.0 = Debug|Any CPU
		{A3CC0CBC-6FF4-4AAB-B0D5-C464B8E457F9}.Debug|x86.ActiveCfg = Debug|Any CPU
		{A3CC0CBC-6FF4-4AAB-B0D5-C464B8E457F9}.Debug|x86.Build.0 = Debug|Any CPU
		{A3CC0CBC-6FF4-4AAB-B0D5-C464B8E457F9}.Release|Any CPU.ActiveCfg = Release|Any CPU
		{A3CC0CBC-6FF4-4AAB-B0D5-C464B8E457F9}.Release|Any CPU.Build.0 = Release|Any CPU
		{A3CC0CBC-6FF4-4AAB-B0D5-C464B8E457F9}.Release|x86.ActiveCfg = Release|Any CPU
		{A3CC0CBC-6FF4-4AAB-B0D5-C464B8E457F9}.Release|x86.Build.0 = Release|Any CPU
		{8B5546C2-85A5-4401-854B-34476EB9E871}.Debug|Any CPU.ActiveCfg = Debug|Any CPU
		{8B5546C2-85A5-4401-854B-34476EB9E871}.Debug|Any CPU.Build.0 = Debug|Any CPU
		{8B5546C2-85A5-4401-854B-34476EB9E871}.Debug|x86.ActiveCfg = Debug|Any CPU
		{8B5546C2-85A5-4401-854B-34476EB9E871}.Debug|x86.Build.0 = Debug|Any CPU
		{8B5546C2-85A5-4401-854B-34476EB9E871}.Release|Any CPU.ActiveCfg = Release|Any CPU
		{8B5546C2-85A5-4401-854B-34476EB9E871}.Release|Any CPU.Build.0 = Release|Any CPU
		{8B5546C2-85A5-4401-854B-34476EB9E871}.Release|x86.ActiveCfg = Release|Any CPU
		{8B5546C2-85A5-4401-854B-34476EB9E871}.Release|x86.Build.0 = Release|Any CPU
		{5AFA68A3-DA6E-41ED-A662-AFE77AC9A9A8}.Debug|Any CPU.ActiveCfg = Debug|Any CPU
		{5AFA68A3-DA6E-41ED-A662-AFE77AC9A9A8}.Debug|Any CPU.Build.0 = Debug|Any CPU
		{5AFA68A3-DA6E-41ED-A662-AFE77AC9A9A8}.Debug|x86.ActiveCfg = Debug|Any CPU
		{5AFA68A3-DA6E-41ED-A662-AFE77AC9A9A8}.Debug|x86.Build.0 = Debug|Any CPU
		{5AFA68A3-DA6E-41ED-A662-AFE77AC9A9A8}.Release|Any CPU.ActiveCfg = Release|Any CPU
		{5AFA68A3-DA6E-41ED-A662-AFE77AC9A9A8}.Release|Any CPU.Build.0 = Release|Any CPU
		{5AFA68A3-DA6E-41ED-A662-AFE77AC9A9A8}.Release|x86.ActiveCfg = Release|Any CPU
		{5AFA68A3-DA6E-41ED-A662-AFE77AC9A9A8}.Release|x86.Build.0 = Release|Any CPU
		{7CD681E8-7414-4A7B-B865-67EE4200B289}.Debug|Any CPU.ActiveCfg = Debug|Any CPU
		{7CD681E8-7414-4A7B-B865-67EE4200B289}.Debug|Any CPU.Build.0 = Debug|Any CPU
		{7CD681E8-7414-4A7B-B865-67EE4200B289}.Debug|x86.ActiveCfg = Debug|Any CPU
		{7CD681E8-7414-4A7B-B865-67EE4200B289}.Debug|x86.Build.0 = Debug|Any CPU
		{7CD681E8-7414-4A7B-B865-67EE4200B289}.Release|Any CPU.ActiveCfg = Release|Any CPU
		{7CD681E8-7414-4A7B-B865-67EE4200B289}.Release|Any CPU.Build.0 = Release|Any CPU
		{7CD681E8-7414-4A7B-B865-67EE4200B289}.Release|x86.ActiveCfg = Release|Any CPU
		{7CD681E8-7414-4A7B-B865-67EE4200B289}.Release|x86.Build.0 = Release|Any CPU
		{280B648D-EF14-43E7-8E02-38EA80C6B66B}.Debug|Any CPU.ActiveCfg = Debug|Any CPU
		{280B648D-EF14-43E7-8E02-38EA80C6B66B}.Debug|Any CPU.Build.0 = Debug|Any CPU
		{280B648D-EF14-43E7-8E02-38EA80C6B66B}.Debug|x86.ActiveCfg = Debug|Any CPU
		{280B648D-EF14-43E7-8E02-38EA80C6B66B}.Debug|x86.Build.0 = Debug|Any CPU
		{280B648D-EF14-43E7-8E02-38EA80C6B66B}.Release|Any CPU.ActiveCfg = Release|Any CPU
		{280B648D-EF14-43E7-8E02-38EA80C6B66B}.Release|Any CPU.Build.0 = Release|Any CPU
		{280B648D-EF14-43E7-8E02-38EA80C6B66B}.Release|x86.ActiveCfg = Release|Any CPU
		{280B648D-EF14-43E7-8E02-38EA80C6B66B}.Release|x86.Build.0 = Release|Any CPU
		{A834A8C9-FF21-4F78-82F8-AD356BB28517}.Debug|Any CPU.ActiveCfg = Debug|Any CPU
		{A834A8C9-FF21-4F78-82F8-AD356BB28517}.Debug|Any CPU.Build.0 = Debug|Any CPU
		{A834A8C9-FF21-4F78-82F8-AD356BB28517}.Debug|x86.ActiveCfg = Debug|Any CPU
		{A834A8C9-FF21-4F78-82F8-AD356BB28517}.Debug|x86.Build.0 = Debug|Any CPU
		{A834A8C9-FF21-4F78-82F8-AD356BB28517}.Release|Any CPU.ActiveCfg = Release|Any CPU
		{A834A8C9-FF21-4F78-82F8-AD356BB28517}.Release|Any CPU.Build.0 = Release|Any CPU
		{A834A8C9-FF21-4F78-82F8-AD356BB28517}.Release|x86.ActiveCfg = Release|Any CPU
		{A834A8C9-FF21-4F78-82F8-AD356BB28517}.Release|x86.Build.0 = Release|Any CPU
		{4BEF79BD-5ABD-49B7-8049-C7137042BB26}.Debug|Any CPU.ActiveCfg = Debug|Any CPU
		{4BEF79BD-5ABD-49B7-8049-C7137042BB26}.Debug|Any CPU.Build.0 = Debug|Any CPU
		{4BEF79BD-5ABD-49B7-8049-C7137042BB26}.Debug|x86.ActiveCfg = Debug|Any CPU
		{4BEF79BD-5ABD-49B7-8049-C7137042BB26}.Debug|x86.Build.0 = Debug|Any CPU
		{4BEF79BD-5ABD-49B7-8049-C7137042BB26}.Release|Any CPU.ActiveCfg = Release|Any CPU
		{4BEF79BD-5ABD-49B7-8049-C7137042BB26}.Release|Any CPU.Build.0 = Release|Any CPU
		{4BEF79BD-5ABD-49B7-8049-C7137042BB26}.Release|x86.ActiveCfg = Release|Any CPU
		{4BEF79BD-5ABD-49B7-8049-C7137042BB26}.Release|x86.Build.0 = Release|Any CPU
		{5CF1E22B-4024-480F-9C02-505747D48270}.Debug|Any CPU.ActiveCfg = Debug|Any CPU
		{5CF1E22B-4024-480F-9C02-505747D48270}.Debug|Any CPU.Build.0 = Debug|Any CPU
		{5CF1E22B-4024-480F-9C02-505747D48270}.Debug|x86.ActiveCfg = Debug|Any CPU
		{5CF1E22B-4024-480F-9C02-505747D48270}.Debug|x86.Build.0 = Debug|Any CPU
		{5CF1E22B-4024-480F-9C02-505747D48270}.Release|Any CPU.ActiveCfg = Release|Any CPU
		{5CF1E22B-4024-480F-9C02-505747D48270}.Release|Any CPU.Build.0 = Release|Any CPU
		{5CF1E22B-4024-480F-9C02-505747D48270}.Release|x86.ActiveCfg = Release|Any CPU
		{5CF1E22B-4024-480F-9C02-505747D48270}.Release|x86.Build.0 = Release|Any CPU
		{F62B6182-C63A-4615-8768-7A401BABC793}.Debug|Any CPU.ActiveCfg = Debug|Any CPU
		{F62B6182-C63A-4615-8768-7A401BABC793}.Debug|Any CPU.Build.0 = Debug|Any CPU
		{F62B6182-C63A-4615-8768-7A401BABC793}.Debug|x86.ActiveCfg = Debug|Any CPU
		{F62B6182-C63A-4615-8768-7A401BABC793}.Debug|x86.Build.0 = Debug|Any CPU
		{F62B6182-C63A-4615-8768-7A401BABC793}.Release|Any CPU.ActiveCfg = Release|Any CPU
		{F62B6182-C63A-4615-8768-7A401BABC793}.Release|Any CPU.Build.0 = Release|Any CPU
		{F62B6182-C63A-4615-8768-7A401BABC793}.Release|x86.ActiveCfg = Release|Any CPU
		{F62B6182-C63A-4615-8768-7A401BABC793}.Release|x86.Build.0 = Release|Any CPU
	EndGlobalSection
	GlobalSection(SolutionProperties) = preSolution
		HideSolutionNode = FALSE
	EndGlobalSection
	GlobalSection(NestedProjects) = preSolution
		{7785F36A-074F-41FA-B4E8-01CDC9013A96} = {229DC925-CE91-4E03-BF75-C1355C45953A}
		{258C3A08-DDAA-4A76-A88B-D1CF2966401C} = {0C91B036-000E-4F67-90B8-D806C71EA36A}
		{5082865E-4D57-4080-84A3-19B5134E7416} = {A4706091-7D32-4BFF-807A-8BED155695B3}
		{2F3106C7-9975-488D-844E-39A00FE7714E} = {2D23AB1C-2B97-4791-AA5A-9A16A092445D}
		{7B544E4C-AE99-4193-AEB1-925266CAC757} = {229DC925-CE91-4E03-BF75-C1355C45953A}
		{0768091A-4A2A-4E24-AFE5-A4042061948D} = {229DC925-CE91-4E03-BF75-C1355C45953A}
		{0EC807F2-9098-4BF1-A58E-E59D4253D2CE} = {229DC925-CE91-4E03-BF75-C1355C45953A}
		{FE7C3140-3A4D-4251-8F0F-2B145D18070F} = {2D23AB1C-2B97-4791-AA5A-9A16A092445D}
		{037FFAD0-995E-4442-8594-09E9686ACDFD} = {14CA1387-AB0C-4431-B7D0-4D5EFCFA4F69}
		{003B17E2-F1A2-491F-8136-8718F3CB2329} = {229DC925-CE91-4E03-BF75-C1355C45953A}
		{206C6BE9-CBAC-4AE9-8B2D-EB927D6CB3C3} = {229DC925-CE91-4E03-BF75-C1355C45953A}
		{644C2CD8-834D-464D-AB47-D18A70B89F64} = {5E4A6A12-648F-41E6-BC80-26C4364B9AEF}
		{CB0EC248-C463-45D5-A9AF-2EF2437216BD} = {5E4A6A12-648F-41E6-BC80-26C4364B9AEF}
		{F3126C8F-8C60-40F2-9B74-5B4D5EDC2D8C} = {CE8D3E7A-DBFC-45D9-99FD-6F4BA493127B}
		{FE17D7F1-AE13-4908-AB07-2D96E05F18F9} = {CE8D3E7A-DBFC-45D9-99FD-6F4BA493127B}
		{A3CC0CBC-6FF4-4AAB-B0D5-C464B8E457F9} = {0C91B036-000E-4F67-90B8-D806C71EA36A}
		{8B5546C2-85A5-4401-854B-34476EB9E871} = {229DC925-CE91-4E03-BF75-C1355C45953A}
		{5AFA68A3-DA6E-41ED-A662-AFE77AC9A9A8} = {83092FF6-B32B-433A-93B8-DE5BAE6A10E0}
		{7CD681E8-7414-4A7B-B865-67EE4200B289} = {83092FF6-B32B-433A-93B8-DE5BAE6A10E0}
		{280B648D-EF14-43E7-8E02-38EA80C6B66B} = {83092FF6-B32B-433A-93B8-DE5BAE6A10E0}
		{A834A8C9-FF21-4F78-82F8-AD356BB28517} = {83092FF6-B32B-433A-93B8-DE5BAE6A10E0}
		{4BEF79BD-5ABD-49B7-8049-C7137042BB26} = {229DC925-CE91-4E03-BF75-C1355C45953A}
		{5CF1E22B-4024-480F-9C02-505747D48270} = {229DC925-CE91-4E03-BF75-C1355C45953A}
		{F62B6182-C63A-4615-8768-7A401BABC793} = {229DC925-CE91-4E03-BF75-C1355C45953A}
	EndGlobalSection
EndGlobal
